<?xml version="1.0" encoding="utf-8"?>
<Project ToolsVersion="4.0" xmlns="http://schemas.microsoft.com/developer/msbuild/2003">
  <ItemGroup>
    <Filter Include="app">
      <UniqueIdentifier>{a1b2c3d4-0001-4000-8000-000000000001}</UniqueIdentifier>
    </Filter>
    <Filter Include="engine">
      <UniqueIdentifier>{a1b2c3d4-0001-4000-8000-000000000002}</UniqueIdentifier>
    </Filter>
    <Filter Include="ui">
      <UniqueIdentifier>{a1b2c3d4-0001-4000-8000-000000000003}</UniqueIdentifier>
    </Filter>
    <Filter Include="i18n">
      <UniqueIdentifier>{a1b2c3d4-0001-4000-8000-000000000006}</UniqueIdentifier>
    </Filter>
    <Filter Include="persist">
      <UniqueIdentifier>{a1b2c3d4-0001-4000-8000-000000000004}</UniqueIdentifier>
    </Filter>
    <Filter Include="platform">
      <UniqueIdentifier>{a1b2c3d4-0001-4000-8000-000000000008}</UniqueIdentifier>
    </Filter>
    <Filter Include="third_party">
      <UniqueIdentifier>{a1b2c3d4-0001-4000-8000-000000000005}</UniqueIdentifier>
    </Filter>
    <Filter Include="log">
      <UniqueIdentifier>{a1b2c3d4-0001-4000-8000-000000000009}</UniqueIdentifier>
    </Filter>
    <Filter Include="detect">
      <UniqueIdentifier>{a1b2c3d4-0001-4000-8000-00000000000a}</UniqueIdentifier>
    </Filter>
    <Filter Include="pe">
      <UniqueIdentifier>{a1b2c3d4-0001-4000-8000-00000000000b}</UniqueIdentifier>
    </Filter>
    <Filter Include="analyze">
      <UniqueIdentifier>{a1b2c3d4-0001-4000-8000-00000000000c}</UniqueIdentifier>
    </Filter>
    <Filter Include="tool">
      <UniqueIdentifier>{a1b2c3d4-0001-4000-8000-00000000000d}</UniqueIdentifier>
    </Filter>
    <Filter Include="plugin">
      <UniqueIdentifier>{a1b2c3d4-0001-4000-8000-00000000000e}</UniqueIdentifier>
    </Filter>
    <Filter Include="runtime">
      <UniqueIdentifier>{a1b2c3d4-0001-4000-8000-00000000000f}</UniqueIdentifier>
    </Filter>
  </ItemGroup>
  <ItemGroup>
    <ClCompile Include="src\main.cpp">
      <Filter>app</Filter>
    </ClCompile>
    <ClCompile Include="src\app\app.cpp">
      <Filter>app</Filter>
    </ClCompile>
    <ClCompile Include="src\app\welcome.cpp">
      <Filter>app</Filter>
    </ClCompile>
    <ClCompile Include="src\app\settings_page.cpp">
      <Filter>app</Filter>
    </ClCompile>
    <ClCompile Include="src\app\about_contributors.cpp">
      <Filter>app</Filter>
    </ClCompile>
    <ClCompile Include="src\app\version.cpp">
      <Filter>app</Filter>
    </ClCompile>
    <ClCompile Include="src\app\inspector.cpp">
      <Filter>app</Filter>
    </ClCompile>
    <ClCompile Include="src\engine\engine.cpp">
      <Filter>engine</Filter>
    </ClCompile>
    <ClCompile Include="src\engine\device.cpp">
      <Filter>engine</Filter>
    </ClCompile>
    <ClCompile Include="src\engine\window.cpp">
      <Filter>engine</Filter>
    </ClCompile>
    <ClCompile Include="src\engine\forms.cpp">
      <Filter>engine</Filter>
    </ClCompile>
    <ClCompile Include="src\ui\theme.cpp">
      <Filter>ui</Filter>
    </ClCompile>
    <ClCompile Include="src\ui\theme_pack.cpp">
      <Filter>ui</Filter>
    </ClCompile>
    <ClCompile Include="src\ui\tex.cpp">
      <Filter>ui</Filter>
    </ClCompile>
    <ClCompile Include="src\ui\icons.cpp">
      <Filter>ui</Filter>
    </ClCompile>
    <ClCompile Include="src\ui\widgets.cpp">
      <Filter>ui</Filter>
    </ClCompile>
    <ClCompile Include="src\ui\hex_view.cpp">
      <Filter>ui</Filter>
    </ClCompile>
    <ClCompile Include="src\i18n\i18n.cpp">
      <Filter>i18n</Filter>
    </ClCompile>
    <ClCompile Include="src\persist\settings.cpp">
      <Filter>persist</Filter>
    </ClCompile>
    <ClCompile Include="src\persist\paths.cpp">
      <Filter>persist</Filter>
    </ClCompile>
    <ClCompile Include="src\pe\pe.cpp">
      <Filter>pe</Filter>
    </ClCompile>
    <ClCompile Include="src\pe\patch.cpp">
      <Filter>pe</Filter>
    </ClCompile>
    <ClCompile Include="src\analyze\py2exe_analyzer.cpp">
      <Filter>pe</Filter>
    </ClCompile>
    <ClCompile Include="src\pe\findings.cpp">
      <Filter>pe</Filter>
    </ClCompile>
    <ClCompile Include="src\analyze\analyze.cpp">
      <Filter>analyze</Filter>
    </ClCompile>
    <ClCompile Include="src\analyze\go_analyzer.cpp">
      <Filter>analyze</Filter>
    </ClCompile>
    <ClCompile Include="src\analyze\autoit_analyzer.cpp">
      <Filter>analyze</Filter>
    </ClCompile>
    <ClCompile Include="src\analyze\ahk_analyzer.cpp">
      <Filter>analyze</Filter>
    </ClCompile>
    <ClCompile Include="src\analyze\labview_analyzer.cpp">
      <Filter>analyze</Filter>
    </ClCompile>
    <ClCompile Include="src\tool\tool.cpp">
      <Filter>tool</Filter>
    </ClCompile>
    <ClCompile Include="src\plugin\plugin.cpp">
      <Filter>plugin</Filter>
    </ClCompile>
    <ClCompile Include="src\runtime\scripting.cpp">
      <Filter>runtime</Filter>
    </ClCompile>
    <ClCompile Include="src\detect\detect.cpp">
      <Filter>detect</Filter>
    </ClCompile>
    <ClCompile Include="src\detect\sig_load.cpp">
      <Filter>detect</Filter>
    </ClCompile>
    <ClCompile Include="src\detect\sig_match.cpp">
      <Filter>detect</Filter>
    </ClCompile>
    <ClCompile Include="src\detect\facts.cpp">
      <Filter>detect</Filter>
    </ClCompile>
    <ClCompile Include="src\log\log.cpp">
      <Filter>log</Filter>
    </ClCompile>
    <ClCompile Include="src\ui\console_view.cpp">
      <Filter>ui</Filter>
    </ClCompile>
    <ClCompile Include="src\platform\window_process.cpp">
      <Filter>platform</Filter>
    </ClCompile>
    <ClCompile Include="third_party\imgui\backends\imgui_impl_win32.cpp">
      <Filter>third_party</Filter>
    </ClCompile>
    <ClCompile Include="third_party\imgui\backends\imgui_impl_dx11.cpp">
      <Filter>third_party</Filter>
    </ClCompile>
    <ClCompile Include="third_party\imnodes\imnodes.cpp">
      <Filter>third_party</Filter>
    </ClCompile>
  </ItemGroup>
  <ItemGroup>
    <ClInclude Include="src\app\app.h">
      <Filter>app</Filter>
    </ClInclude>
    <ClInclude Include="src\app\version.h">
      <Filter>app</Filter>
    </ClInclude>
    <ClInclude Include="src\app\welcome.h">
      <Filter>app</Filter>
    </ClInclude>
    <ClInclude Include="src\app\quotes.h">
      <Filter>app</Filter>
    </ClInclude>
    <ClInclude Include="src\app\settings_page.h">
      <Filter>app</Filter>
    </ClInclude>
    <ClInclude Include="src\app\inspector.h">
      <Filter>app</Filter>
    </ClInclude>
    <ClInclude Include="src\engine\engine.h">
      <Filter>engine</Filter>
    </ClInclude>
    <ClInclude Include="src\engine\engine_p.h">
      <Filter>engine</Filter>
    </ClInclude>
    <ClInclude Include="src\ui\theme.h">
      <Filter>ui</Filter>
    </ClInclude>
    <ClInclude Include="src\ui\theme_pack.h">
      <Filter>ui</Filter>
    </ClInclude>
    <ClInclude Include="src\ui\tex.h">
      <Filter>ui</Filter>
    </ClInclude>
    <ClInclude Include="src\ui\icons.h">
      <Filter>ui</Filter>
    </ClInclude>
    <ClInclude Include="src\ui\widgets.h">
      <Filter>ui</Filter>
    </ClInclude>
    <ClInclude Include="src\i18n\i18n.h">
      <Filter>i18n</Filter>
    </ClInclude>
    <ClInclude Include="src\persist\settings.h">
      <Filter>persist</Filter>
    </ClInclude>
    <ClInclude Include="src\persist\paths.h">
      <Filter>persist</Filter>
    </ClInclude>
    <ClInclude Include="src\pe\pe.h">
      <Filter>pe</Filter>
    </ClInclude>
    <ClInclude Include="src\pe\patch.h">
      <Filter>pe</Filter>
    </ClInclude>
    <ClInclude Include="src\tool\tool.h">
      <Filter>tool</Filter>
    </ClInclude>
    <ClInclude Include="src\plugin\plugin.h">
      <Filter>plugin</Filter>
    </ClInclude>
    <ClInclude Include="src\plugin\bsi_plugin_abi.h">
      <Filter>plugin</Filter>
    </ClInclude>
    <ClInclude Include="sdk\plugin\bsi_plugin.h">
      <Filter>plugin</Filter>
    </ClInclude>
    <ClInclude Include="src\runtime\scripting.h">
      <Filter>runtime</Filter>
    </ClInclude>
    <ClInclude Include="src\analyze\analyze.h">
      <Filter>analyze</Filter>
    </ClInclude>
    <ClInclude Include="src\detect\detect.h">
      <Filter>detect</Filter>
    </ClInclude>
    <ClInclude Include="src\log\log.h">
      <Filter>log</Filter>
    </ClInclude>
    <ClInclude Include="src\ui\console_view.h">
      <Filter>ui</Filter>
    </ClInclude>
    <ClInclude Include="src\platform\window_process.h">
      <Filter>platform</Filter>
    </ClInclude>
    <ClInclude Include="src\app\resource.h">
      <Filter>app</Filter>
    </ClInclude>
    <ClInclude Include="third_party\imgui_club\imgui_memory_editor\imgui_memory_editor.h">
      <Filter>third_party</Filter>
    </ClInclude>
    <ClInclude Include="third_party\imnodes\imnodes.h">
      <Filter>third_party</Filter>
    </ClInclude>
  </ItemGroup>
  <ItemGroup>
    <ResourceCompile Include="src\app\app.rc">
      <Filter>app</Filter>
    </ResourceCompile>
  </ItemGroup>
</Project>
