Microsoft Visual Studio Solution File, Format Version 12.00
# Visual Studio Version 17
VisualStudioVersion = 17.0.31903.59
MinimumVisualStudioVersion = 10.0.40219.1
Project("{8BC9CEB8-8B4A-11D0-8D11-00A0C91BC942}") = "BinarySectorInspector", "BinarySectorInspector.vcxproj", "{A3C8E1B2-4D7F-4A91-9C2E-7B6F0D1E8A44}"
	ProjectSection(ProjectDependencies) = postProject
		{B1A2C3D4-1111-2222-3333-444455556666} = {B1A2C3D4-1111-2222-3333-444455556666}
		{7C4E91A2-5B8D-4F13-9E27-A6C0D1B3E845} = {7C4E91A2-5B8D-4F13-9E27-A6C0D1B3E845}
		{D4E5F6A7-3333-4444-5555-666677778888} = {D4E5F6A7-3333-4444-5555-666677778888}
		{E5F6A7B8-4444-5555-6666-777788889999} = {E5F6A7B8-4444-5555-6666-777788889999}
	EndProjectSection
EndProject
Project("{8BC9CEB8-8B4A-11D0-8D11-00A0C91BC942}") = "freetype", "third_party\msvc\freetype.vcxproj", "{78B079BD-9FC7-4B9E-B4A6-96DA0F00248B}"
EndProject
Project("{8BC9CEB8-8B4A-11D0-8D11-00A0C91BC942}") = "bsi_imgui", "third_party\msvc\bsi_imgui.vcxproj", "{E4F8A1B2-3C5D-4E6F-8A90-1B2C3D4E5F60}"
EndProject
Project("{8BC9CEB8-8B4A-11D0-8D11-00A0C91BC942}") = "DecompSnake", "plugins\decompsnake\DecompSnake.vcxproj", "{B1A2C3D4-1111-2222-3333-444455556666}"
EndProject
Project("{8BC9CEB8-8B4A-11D0-8D11-00A0C91BC942}") = "DecompSnakeCli", "plugins\decompsnake\DecompSnakeCli.vcxproj", "{C2B3D4E5-2222-3333-4444-555566667777}"
EndProject
Project("{8BC9CEB8-8B4A-11D0-8D11-00A0C91BC942}") = "Lydis", "plugins\lydis\Lydis.vcxproj", "{7C4E91A2-5B8D-4F13-9E27-A6C0D1B3E845}"
EndProject
Project("{8BC9CEB8-8B4A-11D0-8D11-00A0C91BC942}") = "DecompAKEY", "plugins\decompakey\DecompAKEY.vcxproj", "{D4E5F6A7-3333-4444-5555-666677778888}"
EndProject
Project("{8BC9CEB8-8B4A-11D0-8D11-00A0C91BC942}") = "DecompBeaker", "plugins\decompbeaker\DecompBeaker.vcxproj", "{E5F6A7B8-4444-5555-6666-777788889999}"
EndProject
Global
	GlobalSection(SolutionConfigurationPlatforms) = preSolution
		Debug|x64 = Debug|x64
		Release|x64 = Release|x64
	EndGlobalSection
	GlobalSection(ProjectConfigurationPlatforms) = postSolution
		{A3C8E1B2-4D7F-4A91-9C2E-7B6F0D1E8A44}.Debug|x64.ActiveCfg = Debug|x64
		{A3C8E1B2-4D7F-4A91-9C2E-7B6F0D1E8A44}.Debug|x64.Build.0 = Debug|x64
		{A3C8E1B2-4D7F-4A91-9C2E-7B6F0D1E8A44}.Release|x64.ActiveCfg = Release|x64
		{A3C8E1B2-4D7F-4A91-9C2E-7B6F0D1E8A44}.Release|x64.Build.0 = Release|x64
		{78B079BD-9FC7-4B9E-B4A6-96DA0F00248B}.Debug|x64.ActiveCfg = Debug|x64
		{78B079BD-9FC7-4B9E-B4A6-96DA0F00248B}.Debug|x64.Build.0 = Debug|x64
		{78B079BD-9FC7-4B9E-B4A6-96DA0F00248B}.Release|x64.ActiveCfg = Release|x64
		{78B079BD-9FC7-4B9E-B4A6-96DA0F00248B}.Release|x64.Build.0 = Release|x64
		{E4F8A1B2-3C5D-4E6F-8A90-1B2C3D4E5F60}.Debug|x64.ActiveCfg = Debug|x64
		{E4F8A1B2-3C5D-4E6F-8A90-1B2C3D4E5F60}.Debug|x64.Build.0 = Debug|x64
		{E4F8A1B2-3C5D-4E6F-8A90-1B2C3D4E5F60}.Release|x64.ActiveCfg = Release|x64
		{E4F8A1B2-3C5D-4E6F-8A90-1B2C3D4E5F60}.Release|x64.Build.0 = Release|x64
		{B1A2C3D4-1111-2222-3333-444455556666}.Debug|x64.ActiveCfg = Debug|x64
		{B1A2C3D4-1111-2222-3333-444455556666}.Debug|x64.Build.0 = Debug|x64
		{B1A2C3D4-1111-2222-3333-444455556666}.Release|x64.ActiveCfg = Release|x64
		{B1A2C3D4-1111-2222-3333-444455556666}.Release|x64.Build.0 = Release|x64
		{C2B3D4E5-2222-3333-4444-555566667777}.Debug|x64.ActiveCfg = Debug|x64
		{C2B3D4E5-2222-3333-4444-555566667777}.Debug|x64.Build.0 = Debug|x64
		{C2B3D4E5-2222-3333-4444-555566667777}.Release|x64.ActiveCfg = Release|x64
		{C2B3D4E5-2222-3333-4444-555566667777}.Release|x64.Build.0 = Release|x64
		{7C4E91A2-5B8D-4F13-9E27-A6C0D1B3E845}.Debug|x64.ActiveCfg = Debug|x64
		{7C4E91A2-5B8D-4F13-9E27-A6C0D1B3E845}.Debug|x64.Build.0 = Debug|x64
		{7C4E91A2-5B8D-4F13-9E27-A6C0D1B3E845}.Release|x64.ActiveCfg = Release|x64
		{7C4E91A2-5B8D-4F13-9E27-A6C0D1B3E845}.Release|x64.Build.0 = Release|x64
		{D4E5F6A7-3333-4444-5555-666677778888}.Debug|x64.ActiveCfg = Debug|x64
		{D4E5F6A7-3333-4444-5555-666677778888}.Debug|x64.Build.0 = Debug|x64
		{D4E5F6A7-3333-4444-5555-666677778888}.Release|x64.ActiveCfg = Release|x64
		{D4E5F6A7-3333-4444-5555-666677778888}.Release|x64.Build.0 = Release|x64
		{E5F6A7B8-4444-5555-6666-777788889999}.Debug|x64.ActiveCfg = Debug|x64
		{E5F6A7B8-4444-5555-6666-777788889999}.Debug|x64.Build.0 = Debug|x64
		{E5F6A7B8-4444-5555-6666-777788889999}.Release|x64.ActiveCfg = Release|x64
		{E5F6A7B8-4444-5555-6666-777788889999}.Release|x64.Build.0 = Release|x64
	EndGlobalSection
EndGlobal
